// !$*UTF8*$!
{
	archiveVersion = 1;
	classes = {
	};
	objectVersion = 56;
	objects = {

/* Begin PBXBuildFile section */
		68B9FC00292F21570045F6F1 /* AppDelegate.swift in Sources */ = {isa = PBXBuildFile; fileRef = 68B9FBFF292F21570045F6F1 /* AppDelegate.swift */; };
		68B9FC02292F21570045F6F1 /* SceneDelegate.swift in Sources */ = {isa = PBXBuildFile; fileRef = 68B9FC01292F21570045F6F1 /* SceneDelegate.swift */; };
		68B9FC04292F21570045F6F1 /* ViewController.swift in Sources */ = {isa = PBXBuildFile; fileRef = 68B9FC03292F21570045F6F1 /* ViewController.swift */; };
		68B9FC07292F21570045F6F1 /* Main.storyboard in Resources */ = {isa = PBXBuildFile; fileRef = 68B9FC05292F21570045F6F1 /* Main.storyboard */; };
		68B9FC09292F21580045F6F1 /* Assets.xcassets in Resources */ = {isa = PBXBuildFile; fileRef = 68B9FC08292F21580045F6F1 /* Assets.xcassets */; };
		68B9FC0C292F21580045F6F1 /* LaunchScreen.storyboard in Resources */ = {isa = PBXBuildFile; fileRef = 68B9FC0A292F21580045F6F1 /* LaunchScreen.storyboard */; };
		68B9FC15292F224A0045F6F1 /* R.generated.swift in Sources */ = {isa = PBXBuildFile; fileRef = 68B9FC14292F224A0045F6F1 /* R.generated.swift */; };
		68B9FC17292F22640045F6F1 /* Colors.xcassets in Resources */ = {isa = PBXBuildFile; fileRef = 68B9FC16292F22640045F6F1 /* Colors.xcassets */; };
		68B9FC1E292F39F70045F6F1 /* Images.xcassets in Resources */ = {isa = PBXBuildFile; fileRef = 68B9FC1D292F39F70045F6F1 /* Images.xcassets */; };
		ED5D12D941050A89DF2D0FF3 /* Pods_RSwift.framework in Frameworks */ = {isa = PBXBuildFile; fileRef = 77E481DD475461CA41529B81 /* Pods_RSwift.framework */; };
/* End PBXBuildFile section */

/* Begin PBXFileReference section */
		65DA875072BD9361282A85B2 /* Pods-RSwift.debug.xcconfig */ = {isa = PBXFileReference; includeInIndex = 1; lastKnownFileType = text.xcconfig; name = "Pods-RSwift.debug.xcconfig"; path = "Target Support Files/Pods-RSwift/Pods-RSwift.debug.xcconfig"; sourceTree = "<group>"; };
		68B9FBFC292F21570045F6F1 /* RSwift.app */ = {isa = PBXFileReference; explicitFileType = wrapper.application; includeInIndex = 0; path = RSwift.app; sourceTree = BUILT_PRODUCTS_DIR; };
		68B9FBFF292F21570045F6F1 /* AppDelegate.swift */ = {isa = PBXFileReference; lastKnownFileType = sourcecode.swift; path = AppDelegate.swift; sourceTree = "<group>"; };
		68B9FC01292F21570045F6F1 /* SceneDelegate.swift */ = {isa = PBXFileReference; lastKnownFileType = sourcecode.swift; path = SceneDelegate.swift; sourceTree = "<group>"; };
		68B9FC03292F21570045F6F1 /* ViewController.swift */ = {isa = PBXFileReference; lastKnownFileType = sourcecode.swift; path = ViewController.swift; sourceTree = "<group>"; };
		68B9FC06292F21570045F6F1 /* Base */ = {isa = PBXFileReference; lastKnownFileType = file.storyboard; name = Base; path = Base.lproj/Main.storyboard; sourceTree = "<group>"; };
		68B9FC08292F21580045F6F1 /* Assets.xcassets */ = {isa = PBXFileReference; lastKnownFileType = folder.assetcatalog; path = Assets.xcassets; sourceTree = "<group>"; };
		68B9FC0B292F21580045F6F1 /* Base */ = {isa = PBXFileReference; lastKnownFileType = file.storyboard; name = Base; path = Base.lproj/LaunchScreen.storyboard; sourceTree = "<group>"; };
		68B9FC0D292F21580045F6F1 /* Info.plist */ = {isa = PBXFileReference; lastKnownFileType = text.plist.xml; path = Info.plist; sourceTree = "<group>"; };
		68B9FC14292F224A0045F6F1 /* R.generated.swift */ = {isa = PBXFileReference; fileEncoding = 4; lastKnownFileType = sourcecode.swift; name = R.generated.swift; path = RSwift/Resource/R.generated.swift; sourceTree = SOURCE_ROOT; };
		68B9FC16292F22640045F6F1 /* Colors.xcassets */ = {isa = PBXFileReference; lastKnownFileType = folder.assetcatalog; path = Colors.xcassets; sourceTree = "<group>"; };
		68B9FC1D292F39F70045F6F1 /* Images.xcassets */ = {isa = PBXFileReference; lastKnownFileType = folder.assetcatalog; path = Images.xcassets; sourceTree = "<group>"; };
		77E481DD475461CA41529B81 /* Pods_RSwift.framework */ = {isa = PBXFileReference; explicitFileType = wrapper.framework; includeInIndex = 0; path = Pods_RSwift.framework; sourceTree = BUILT_PRODUCTS_DIR; };
		F83A88E2CE95B83E98042D4A /* Pods-RSwift.release.xcconfig */ = {isa = PBXFileReference; includeInIndex = 1; lastKnownFileType = text.xcconfig; name = "Pods-RSwift.release.xcconfig"; path = "Target Support Files/Pods-RSwift/Pods-RSwift.release.xcconfig"; sourceTree = "<group>"; };
/* End PBXFileReference section */

/* Begin PBXFrameworksBuildPhase section */
		68B9FBF9292F21570045F6F1 /* Frameworks */ = {
			isa = PBXFrameworksBuildPhase;
			buildActionMask = 2147483647;
			files = (
				ED5D12D941050A89DF2D0FF3 /* Pods_RSwift.framework in Frameworks */,
			);
			runOnlyForDeploymentPostprocessing = 0;
		};
/* End PBXFrameworksBuildPhase section */

/* Begin PBXGroup section */
		47164F9AA7C0A2ED83A66B59 /* Pods */ = {
			isa = PBXGroup;
			children = (
				65DA875072BD9361282A85B2 /* Pods-RSwift.debug.xcconfig */,
				F83A88E2CE95B83E98042D4A /* Pods-RSwift.release.xcconfig */,
			);
			path = Pods;
			sourceTree = "<group>";
		};
		68B9FBF3292F21570045F6F1 = {
			isa = PBXGroup;
			children = (
				68B9FBFE292F21570045F6F1 /* RSwift */,
				68B9FBFD292F21570045F6F1 /* Products */,
				47164F9AA7C0A2ED83A66B59 /* Pods */,
				7CFFC6878D2118FF5623CD92 /* Frameworks */,
			);
			sourceTree = "<group>";
		};
		68B9FBFD292F21570045F6F1 /* Products */ = {
			isa = PBXGroup;
			children = (
				68B9FBFC292F21570045F6F1 /* RSwift.app */,
			);
			name = Products;
			sourceTree = "<group>";
		};
		68B9FBFE292F21570045F6F1 /* RSwift */ = {
			isa = PBXGroup;
			children = (
				68B9FC1F292F3A230045F6F1 /* Resource */,
				68B9FBFF292F21570045F6F1 /* AppDelegate.swift */,
				68B9FC01292F21570045F6F1 /* SceneDelegate.swift */,
				68B9FC03292F21570045F6F1 /* ViewController.swift */,
				68B9FC05292F21570045F6F1 /* Main.storyboard */,
				68B9FC08292F21580045F6F1 /* Assets.xcassets */,
				68B9FC0A292F21580045F6F1 /* LaunchScreen.storyboard */,
				68B9FC0D292F21580045F6F1 /* Info.plist */,
			);
			path = RSwift;
			sourceTree = "<group>";
		};
		68B9FC1F292F3A230045F6F1 /* Resource */ = {
			isa = PBXGroup;
			children = (
				68B9FC14292F224A0045F6F1 /* R.generated.swift */,
				68B9FC1D292F39F70045F6F1 /* Images.xcassets */,
				68B9FC16292F22640045F6F1 /* Colors.xcassets */,
			);
			path = Resource;
			sourceTree = "<group>";
		};
		7CFFC6878D2118FF5623CD92 /* Frameworks */ = {
			isa = PBXGroup;
			children = (
				77E481DD475461CA41529B81 /* Pods_RSwift.framework */,
			);
			name = Frameworks;
			sourceTree = "<group>";
		};
/* End PBXGroup section */

/* Begin PBXNativeTarget section */
		68B9FBFB292F21570045F6F1 /* RSwift */ = {
			isa = PBXNativeTarget;
			buildConfigurationList = 68B9FC10292F21580045F6F1 /* Build configuration list for PBXNativeTarget "RSwift" */;
			buildPhases = (
				3DCB0B28CAA62F0581E5F543 /* [CP] Check Pods Manifest.lock */,
				68B9FC13292F21AD0045F6F1 /* ShellScript */,
				68B9FBF8292F21570045F6F1 /* Sources */,
				68B9FBF9292F21570045F6F1 /* Frameworks */,
				68B9FBFA292F21570045F6F1 /* Resources */,
				85C7AF17D42B426B1D9705EE /* [CP] Embed Pods Frameworks */,
			);
			buildRules = (
			);
			dependencies = (
			);
			name = RSwift;
			productName = RSwift;
			productReference = 68B9FBFC292F21570045F6F1 /* RSwift.app */;
			productType = "com.apple.product-type.application";
		};
/* End PBXNativeTarget section */

/* Begin PBXProject section */
		68B9FBF4292F21570045F6F1 /* Project object */ = {
			isa = PBXProject;
			attributes = {
				BuildIndependentTargetsInParallel = 1;
				LastSwiftUpdateCheck = 1400;
				LastUpgradeCheck = 1400;
				TargetAttributes = {
					68B9FBFB292F21570045F6F1 = {
						CreatedOnToolsVersion = 14.0.1;
					};
				};
			};
			buildConfigurationList = 68B9FBF7292F21570045F6F1 /* Build configuration list for PBXProject "RSwift" */;
			compatibilityVersion = "Xcode 14.0";
			developmentRegion = en;
			hasScannedForEncodings = 0;
			knownRegions = (
				en,
				Base,
			);
			mainGroup = 68B9FBF3292F21570045F6F1;
			productRefGroup = 68B9FBFD292F21570045F6F1 /* Products */;
			projectDirPath = "";
			projectRoot = "";
			targets = (
				68B9FBFB292F21570045F6F1 /* RSwift */,
			);
		};
/* End PBXProject section */

/* Begin PBXResourcesBuildPhase section */
		68B9FBFA292F21570045F6F1 /* Resources */ = {
			isa = PBXResourcesBuildPhase;
			buildActionMask = 2147483647;
			files = (
				68B9FC0C292F21580045F6F1 /* LaunchScreen.storyboard in Resources */,
				68B9FC1E292F39F70045F6F1 /* Images.xcassets in Resources */,
				68B9FC17292F22640045F6F1 /* Colors.xcassets in Resources */,
				68B9FC09292F21580045F6F1 /* Assets.xcassets in Resources */,
				68B9FC07292F21570045F6F1 /* Main.storyboard in Resources */,
			);
			runOnlyForDeploymentPostprocessing = 0;
		};
/* End PBXResourcesBuildPhase section */

/* Begin PBXShellScriptBuildPhase section */
		3DCB0B28CAA62F0581E5F543 /* [CP] Check Pods Manifest.lock */ = {
			isa = PBXShellScriptBuildPhase;
			buildActionMask = 2147483647;
			files = (
			);
			inputFileListPaths = (
			);
			inputPaths = (
				"${PODS_PODFILE_DIR_PATH}/Podfile.lock",
				"${PODS_ROOT}/Manifest.lock",
			);
			name = "[CP] Check Pods Manifest.lock";
			outputFileListPaths = (
			);
			outputPaths = (
				"$(DERIVED_FILE_DIR)/Pods-RSwift-checkManifestLockResult.txt",
			);
			runOnlyForDeploymentPostprocessing = 0;
			shellPath = /bin/sh;
			shellScript = "diff \"${PODS_PODFILE_DIR_PATH}/Podfile.lock\" \"${PODS_ROOT}/Manifest.lock\" > /dev/null\nif [ $? != 0 ] ; then\n    # print error to STDERR\n    echo \"error: The sandbox is not in sync with the Podfile.lock. Run 'pod install' or update your CocoaPods installation.\" >&2\n    exit 1\nfi\n# This output is used by Xcode 'outputs' to avoid re-running this script phase.\necho \"SUCCESS\" > \"${SCRIPT_OUTPUT_FILE_0}\"\n";
			showEnvVarsInLog = 0;
		};
		68B9FC13292F21AD0045F6F1 /* ShellScript */ = {
			isa = PBXShellScriptBuildPhase;
			buildActionMask = 2147483647;
			files = (
			);
			inputFileListPaths = (
			);
			inputPaths = (
				"$TEMP_DIR/rswift-lastrun",
			);
			outputFileListPaths = (
			);
			outputPaths = (
				$SRCROOT/R.generated.swift,
			);
			runOnlyForDeploymentPostprocessing = 0;
			shellPath = /bin/sh;
			shellScript = "\"$PODS_ROOT/R.swift/rswift\" generate \"$SRCROOT/R.generated.swift\"\n";
		};
		85C7AF17D42B426B1D9705EE /* [CP] Embed Pods Frameworks */ = {
			isa = PBXShellScriptBuildPhase;
			buildActionMask = 2147483647;
			files = (
			);
			inputFileListPaths = (
				"${PODS_ROOT}/Target Support Files/Pods-RSwift/Pods-RSwift-frameworks-${CONFIGURATION}-input-files.xcfilelist",
			);
			name = "[CP] Embed Pods Frameworks";
			outputFileListPaths = (
				"${PODS_ROOT}/Target Support Files/Pods-RSwift/Pods-RSwift-frameworks-${CONFIGURATION}-output-files.xcfilelist",
			);
			runOnlyForDeploymentPostprocessing = 0;
			shellPath = /bin/sh;
			shellScript = "\"${PODS_ROOT}/Target Support Files/Pods-RSwift/Pods-RSwift-frameworks.sh\"\n";
			showEnvVarsInLog = 0;
		};
/* End PBXShellScriptBuildPhase section */

/* Begin PBXSourcesBuildPhase section */
		68B9FBF8292F21570045F6F1 /* Sources */ = {
			isa = PBXSourcesBuildPhase;
			buildActionMask = 2147483647;
			files = (
				68B9FC04292F21570045F6F1 /* ViewController.swift in Sources */,
				68B9FC00292F21570045F6F1 /* AppDelegate.swift in Sources */,
				68B9FC02292F21570045F6F1 /* SceneDelegate.swift in Sources */,
				68B9FC15292F224A0045F6F1 /* R.generated.swift in Sources */,
			);
			runOnlyForDeploymentPostprocessing = 0;
		};
/* End PBXSourcesBuildPhase section */

/* Begin PBXVariantGroup section */
		68B9FC05292F21570045F6F1 /* Main.storyboard */ = {
			isa = PBXVariantGroup;
			children = (
				68B9FC06292F21570045F6F1 /* Base */,
			);
			name = Main.storyboard;
			sourceTree = "<group>";
		};
		68B9FC0A292F21580045F6F1 /* LaunchScreen.storyboard */ = {
			isa = PBXVariantGroup;
			children = (
				68B9FC0B292F21580045F6F1 /* Base */,
			);
			name = LaunchScreen.storyboard;
			sourceTree = "<group>";
		};
/* End PBXVariantGroup section */

/* Begin XCBuildConfiguration section */
		68B9FC0E292F21580045F6F1 /* Debug */ = {
			isa = XCBuildConfiguration;
			buildSettings = {
				ALWAYS_SEARCH_USER_PATHS = NO;
				CLANG_ANALYZER_NONNULL = YES;
				CLANG_ANALYZER_NUMBER_OBJECT_CONVERSION = YES_AGGRESSIVE;
				CLANG_CXX_LANGUAGE_STANDARD = "gnu++20";
				CLANG_ENABLE_MODULES = YES;
				CLANG_ENABLE_OBJC_ARC = YES;
				CLANG_ENABLE_OBJC_WEAK = YES;
				CLANG_WARN_BLOCK_CAPTURE_AUTORELEASING = YES;
				CLANG_WARN_BOOL_CONVERSION = YES;
				CLANG_WARN_COMMA = YES;
				CLANG_WARN_CONSTANT_CONVERSION = YES;
				CLANG_WARN_DEPRECATED_OBJC_IMPLEMENTATIONS = YES;
				CLANG_WARN_DIRECT_OBJC_ISA_USAGE = YES_ERROR;
				CLANG_WARN_DOCUMENTATION_COMMENTS = YES;
				CLANG_WARN_EMPTY_BODY = YES;
				CLANG_WARN_ENUM_CONVERSION = YES;
				CLANG_WARN_INFINITE_RECURSION = YES;
				CLANG_WARN_INT_CONVERSION = YES;
				CLANG_WARN_NON_LITERAL_NULL_CONVERSION = YES;
				CLANG_WARN_OBJC_IMPLICIT_RETAIN_SELF = YES;
				CLANG_WARN_OBJC_LITERAL_CONVERSION = YES;
				CLANG_WARN_OBJC_ROOT_CLASS = YES_ERROR;
				CLANG_WARN_QUOTED_INCLUDE_IN_FRAMEWORK_HEADER = YES;
				CLANG_WARN_RANGE_LOOP_ANALYSIS = YES;
				CLANG_WARN_STRICT_PROTOTYPES = YES;
				CLANG_WARN_SUSPICIOUS_MOVE = YES;
				CLANG_WARN_UNGUARDED_AVAILABILITY = YES_AGGRESSIVE;
				CLANG_WARN_UNREACHABLE_CODE = YES;
				CLANG_WARN__DUPLICATE_METHOD_MATCH = YES;
				COPY_PHASE_STRIP = NO;
				DEBUG_INFORMATION_FORMAT = dwarf;
				ENABLE_STRICT_OBJC_MSGSEND = YES;
				ENABLE_TESTABILITY = YES;
				GCC_C_LANGUAGE_STANDARD = gnu11;
				GCC_DYNAMIC_NO_PIC = NO;
				GCC_NO_COMMON_BLOCKS = YES;
				GCC_OPTIMIZATION_LEVEL = 0;
				GCC_PREPROCESSOR_DEFINITIONS = (
					"DEBUG=1",
					"$(inherited)",
				);
				GCC_WARN_64_TO_32_BIT_CONVERSION = YES;
				GCC_WARN_ABOUT_RETURN_TYPE = YES_ERROR;
				GCC_WARN_UNDECLARED_SELECTOR = YES;
				GCC_WARN_UNINITIALIZED_AUTOS = YES_AGGRESSIVE;
				GCC_WARN_UNUSED_FUNCTION = YES;
				GCC_WARN_UNUSED_VARIABLE = YES;
				IPHONEOS_DEPLOYMENT_TARGET = 15.0;
				MTL_ENABLE_DEBUG_INFO = INCLUDE_SOURCE;
				MTL_FAST_MATH = YES;
				ONLY_ACTIVE_ARCH = YES;
				SDKROOT = iphoneos;
				SWIFT_ACTIVE_COMPILATION_CONDITIONS = DEBUG;
				SWIFT_OPTIMIZATION_LEVEL = "-Onone";
			};
			name = Debug;
		};
		68B9FC0F292F21580045F6F1 /* Release */ = {
			isa = XCBuildConfiguration;
			buildSettings = {
				ALWAYS_SEARCH_USER_PATHS = NO;
				CLANG_ANALYZER_NONNULL = YES;
				CLANG_ANALYZER_NUMBER_OBJECT_CONVERSION = YES_AGGRESSIVE;
				CLANG_CXX_LANGUAGE_STANDARD = "gnu++20";
				CLANG_ENABLE_MODULES = YES;
				CLANG_ENABLE_OBJC_ARC = YES;
				CLANG_ENABLE_OBJC_WEAK = YES;
				CLANG_WARN_BLOCK_CAPTURE_AUTORELEASING = YES;
				CLANG_WARN_BOOL_CONVERSION = YES;
				CLANG_WARN_COMMA = YES;
				CLANG_WARN_CONSTANT_CONVERSION = YES;
				CLANG_WARN_DEPRECATED_OBJC_IMPLEMENTATIONS = YES;
				CLANG_WARN_DIRECT_OBJC_ISA_USAGE = YES_ERROR;
				CLANG_WARN_DOCUMENTATION_COMMENTS = YES;
				CLANG_WARN_EMPTY_BODY = YES;
				CLANG_WARN_ENUM_CONVERSION = YES;
				CLANG_WARN_INFINITE_RECURSION = YES;
				CLANG_WARN_INT_CONVERSION = YES;
				CLANG_WARN_NON_LITERAL_NULL_CONVERSION = YES;
				CLANG_WARN_OBJC_IMPLICIT_RETAIN_SELF = YES;
				CLANG_WARN_OBJC_LITERAL_CONVERSION = YES;
				CLANG_WARN_OBJC_ROOT_CLASS = YES_ERROR;
				CLANG_WARN_QUOTED_INCLUDE_IN_FRAMEWORK_HEADER = YES;
				CLANG_WARN_RANGE_LOOP_ANALYSIS = YES;
				CLANG_WARN_STRICT_PROTOTYPES = YES;
				CLANG_WARN_SUSPICIOUS_MOVE = YES;
				CLANG_WARN_UNGUARDED_AVAILABILITY = YES_AGGRESSIVE;
				CLANG_WARN_UNREACHABLE_CODE = YES;
				CLANG_WARN__DUPLICATE_METHOD_MATCH = YES;
				COPY_PHASE_STRIP = NO;
				DEBUG_INFORMATION_FORMAT = "dwarf-with-dsym";
				ENABLE_NS_ASSERTIONS = NO;
				ENABLE_STRICT_OBJC_MSGSEND = YES;
				GCC_C_LANGUAGE_STANDARD = gnu11;
				GCC_NO_COMMON_BLOCKS = YES;
				GCC_WARN_64_TO_32_BIT_CONVERSION = YES;
				GCC_WARN_ABOUT_RETURN_TYPE = YES_ERROR;
				GCC_WARN_UNDECLARED_SELECTOR = YES;
				GCC_WARN_UNINITIALIZED_AUTOS = YES_AGGRESSIVE;
				GCC_WARN_UNUSED_FUNCTION = YES;
				GCC_WARN_UNUSED_VARIABLE = YES;
				IPHONEOS_DEPLOYMENT_TARGET = 15.0;
				MTL_ENABLE_DEBUG_INFO = NO;
				MTL_FAST_MATH = YES;
				SDKROOT = iphoneos;
				SWIFT_COMPILATION_MODE = wholemodule;
				SWIFT_OPTIMIZATION_LEVEL = "-O";
				VALIDATE_PRODUCT = YES;
			};
			name = Release;
		};
		68B9FC11292F21580045F6F1 /* Debug */ = {
			isa = XCBuildConfiguration;
			baseConfigurationReference = 65DA875072BD9361282A85B2 /* Pods-RSwift.debug.xcconfig */;
			buildSettings = {
				ASSETCATALOG_COMPILER_APPICON_NAME = AppIcon;
				ASSETCATALOG_COMPILER_GLOBAL_ACCENT_COLOR_NAME = AccentColor;
				CODE_SIGN_STYLE = Automatic;
				CURRENT_PROJECT_VERSION = 1;
				DEVELOPMENT_TEAM = X2WF6FR3RY;
				GENERATE_INFOPLIST_FILE = YES;
				INFOPLIST_FILE = RSwift/Info.plist;
				INFOPLIST_KEY_UIApplicationSupportsIndirectInputEvents = YES;
				INFOPLIST_KEY_UILaunchStoryboardName = LaunchScreen;
				INFOPLIST_KEY_UIMainStoryboardFile = Main;
				INFOPLIST_KEY_UISupportedInterfaceOrientations = UIInterfaceOrientationPortrait;
				IPHONEOS_DEPLOYMENT_TARGET = 15.0;
				LD_RUNPATH_SEARCH_PATHS = (
					"$(inherited)",
					"@executable_path/Frameworks",
				);
				MARKETING_VERSION = 1.0;
				PRODUCT_BUNDLE_IDENTIFIER = ann.beckwon.RSwift;
				PRODUCT_NAME = "$(TARGET_NAME)";
				SWIFT_EMIT_LOC_STRINGS = YES;
				SWIFT_VERSION = 5.0;
				TARGETED_DEVICE_FAMILY = "1,2";
			};
			name = Debug;
		};
		68B9FC12292F21580045F6F1 /* Release */ = {
			isa = XCBuildConfiguration;
			baseConfigurationReference = F83A88E2CE95B83E98042D4A /* Pods-RSwift.release.xcconfig */;
			buildSettings = {
				ASSETCATALOG_COMPILER_APPICON_NAME = AppIcon;
				ASSETCATALOG_COMPILER_GLOBAL_ACCENT_COLOR_NAME = AccentColor;
				CODE_SIGN_STYLE = Automatic;
				CURRENT_PROJECT_VERSION = 1;
				DEVELOPMENT_TEAM = X2WF6FR3RY;
				GENERATE_INFOPLIST_FILE = YES;
				INFOPLIST_FILE = RSwift/Info.plist;
				INFOPLIST_KEY_UIApplicationSupportsIndirectInputEvents = YES;
				INFOPLIST_KEY_UILaunchStoryboardName = LaunchScreen;
				INFOPLIST_KEY_UIMainStoryboardFile = Main;
				INFOPLIST_KEY_UISupportedInterfaceOrientations = UIInterfaceOrientationPortrait;
				IPHONEOS_DEPLOYMENT_TARGET = 15.0;
				LD_RUNPATH_SEARCH_PATHS = (
					"$(inherited)",
					"@executable_path/Frameworks",
				);
				MARKETING_VERSION = 1.0;
				PRODUCT_BUNDLE_IDENTIFIER = ann.beckwon.RSwift;
				PRODUCT_NAME = "$(TARGET_NAME)";
				SWIFT_EMIT_LOC_STRINGS = YES;
				SWIFT_VERSION = 5.0;
				TARGETED_DEVICE_FAMILY = "1,2";
			};
			name = Release;
		};
/* End XCBuildConfiguration section */

/* Begin XCConfigurationList section */
		68B9FBF7292F21570045F6F1 /* Build configuration list for PBXProject "RSwift" */ = {
			isa = XCConfigurationList;
			buildConfigurations = (
				68B9FC0E292F21580045F6F1 /* Debug */,
				68B9FC0F292F21580045F6F1 /* Release */,
			);
			defaultConfigurationIsVisible = 0;
			defaultConfigurationName = Release;
		};
		68B9FC10292F21580045F6F1 /* Build configuration list for PBXNativeTarget "RSwift" */ = {
			isa = XCConfigurationList;
			buildConfigurations = (
				68B9FC11292F21580045F6F1 /* Debug */,
				68B9FC12292F21580045F6F1 /* Release */,
			);
			defaultConfigurationIsVisible = 0;
			defaultConfigurationName = Release;
		};
/* End XCConfigurationList section */
	};
	rootObject = 68B9FBF4292F21570045F6F1 /* Project object */;
}
