// !$*UTF8*$!
{
	archiveVersion = 1;
	classes = {
	};
	objectVersion = 56;
	objects = {

/* Begin PBXBuildFile section */
		680B0DE62973F92A007207E0 /* EraseWrapperPatten01.swift in Sources */ = {isa = PBXBuildFile; fileRef = 680B0DE52973F92A007207E0 /* EraseWrapperPatten01.swift */; };
		680B0DE82973FB59007207E0 /* EraseWrapperPatten02.swift in Sources */ = {isa = PBXBuildFile; fileRef = 680B0DE72973FB59007207E0 /* EraseWrapperPatten02.swift */; };
		680B0DEA2973FE61007207E0 /* EraseWrapperPatten03.swift in Sources */ = {isa = PBXBuildFile; fileRef = 680B0DE92973FE61007207E0 /* EraseWrapperPatten03.swift */; };
		6870D26F29753109008A2435 /* EraseWrapperPatten04.swift in Sources */ = {isa = PBXBuildFile; fileRef = 6870D26E29753109008A2435 /* EraseWrapperPatten04.swift */; };
		6870D27129753551008A2435 /* EraseWrapperPatten05.swift in Sources */ = {isa = PBXBuildFile; fileRef = 6870D27029753551008A2435 /* EraseWrapperPatten05.swift */; };
		689B1F392930C17400B56C4E /* main.swift in Sources */ = {isa = PBXBuildFile; fileRef = 689B1F382930C17400B56C4E /* main.swift */; };
		689B1F402930C55100B56C4E /* Basic.swift in Sources */ = {isa = PBXBuildFile; fileRef = 689B1F3F2930C55100B56C4E /* Basic.swift */; };
/* End PBXBuildFile section */

/* Begin PBXCopyFilesBuildPhase section */
		689B1F332930C17400B56C4E /* CopyFiles */ = {
			isa = PBXCopyFilesBuildPhase;
			buildActionMask = 2147483647;
			dstPath = /usr/share/man/man1/;
			dstSubfolderSpec = 0;
			files = (
			);
			runOnlyForDeploymentPostprocessing = 1;
		};
/* End PBXCopyFilesBuildPhase section */

/* Begin PBXFileReference section */
		680B0DE52973F92A007207E0 /* EraseWrapperPatten01.swift */ = {isa = PBXFileReference; lastKnownFileType = sourcecode.swift; path = EraseWrapperPatten01.swift; sourceTree = "<group>"; };
		680B0DE72973FB59007207E0 /* EraseWrapperPatten02.swift */ = {isa = PBXFileReference; lastKnownFileType = sourcecode.swift; path = EraseWrapperPatten02.swift; sourceTree = "<group>"; };
		680B0DE92973FE61007207E0 /* EraseWrapperPatten03.swift */ = {isa = PBXFileReference; lastKnownFileType = sourcecode.swift; path = EraseWrapperPatten03.swift; sourceTree = "<group>"; };
		6870D26E29753109008A2435 /* EraseWrapperPatten04.swift */ = {isa = PBXFileReference; lastKnownFileType = sourcecode.swift; path = EraseWrapperPatten04.swift; sourceTree = "<group>"; };
		6870D27029753551008A2435 /* EraseWrapperPatten05.swift */ = {isa = PBXFileReference; lastKnownFileType = sourcecode.swift; path = EraseWrapperPatten05.swift; sourceTree = "<group>"; };
		689B1F352930C17400B56C4E /* Protocol */ = {isa = PBXFileReference; explicitFileType = "compiled.mach-o.executable"; includeInIndex = 0; path = Protocol; sourceTree = BUILT_PRODUCTS_DIR; };
		689B1F382930C17400B56C4E /* main.swift */ = {isa = PBXFileReference; lastKnownFileType = sourcecode.swift; path = main.swift; sourceTree = "<group>"; };
		689B1F3F2930C55100B56C4E /* Basic.swift */ = {isa = PBXFileReference; lastKnownFileType = sourcecode.swift; path = Basic.swift; sourceTree = "<group>"; };
/* End PBXFileReference section */

/* Begin PBXFrameworksBuildPhase section */
		689B1F322930C17400B56C4E /* Frameworks */ = {
			isa = PBXFrameworksBuildPhase;
			buildActionMask = 2147483647;
			files = (
			);
			runOnlyForDeploymentPostprocessing = 0;
		};
/* End PBXFrameworksBuildPhase section */

/* Begin PBXGroup section */
		689B1F2C2930C17400B56C4E = {
			isa = PBXGroup;
			children = (
				689B1F372930C17400B56C4E /* Protocol */,
				689B1F362930C17400B56C4E /* Products */,
			);
			sourceTree = "<group>";
		};
		689B1F362930C17400B56C4E /* Products */ = {
			isa = PBXGroup;
			children = (
				689B1F352930C17400B56C4E /* Protocol */,
			);
			name = Products;
			sourceTree = "<group>";
		};
		689B1F372930C17400B56C4E /* Protocol */ = {
			isa = PBXGroup;
			children = (
				689B1F382930C17400B56C4E /* main.swift */,
				689B1F3F2930C55100B56C4E /* Basic.swift */,
				680B0DE52973F92A007207E0 /* EraseWrapperPatten01.swift */,
				680B0DE72973FB59007207E0 /* EraseWrapperPatten02.swift */,
				680B0DE92973FE61007207E0 /* EraseWrapperPatten03.swift */,
				6870D26E29753109008A2435 /* EraseWrapperPatten04.swift */,
				6870D27029753551008A2435 /* EraseWrapperPatten05.swift */,
			);
			path = Protocol;
			sourceTree = "<group>";
		};
/* End PBXGroup section */

/* Begin PBXNativeTarget section */
		689B1F342930C17400B56C4E /* Protocol */ = {
			isa = PBXNativeTarget;
			buildConfigurationList = 689B1F3C2930C17400B56C4E /* Build configuration list for PBXNativeTarget "Protocol" */;
			buildPhases = (
				689B1F312930C17400B56C4E /* Sources */,
				689B1F322930C17400B56C4E /* Frameworks */,
				689B1F332930C17400B56C4E /* CopyFiles */,
			);
			buildRules = (
			);
			dependencies = (
			);
			name = Protocol;
			productName = Protocol;
			productReference = 689B1F352930C17400B56C4E /* Protocol */;
			productType = "com.apple.product-type.tool";
		};
/* End PBXNativeTarget section */

/* Begin PBXProject section */
		689B1F2D2930C17400B56C4E /* Project object */ = {
			isa = PBXProject;
			attributes = {
				BuildIndependentTargetsInParallel = 1;
				LastSwiftUpdateCheck = 1400;
				LastUpgradeCheck = 1400;
				TargetAttributes = {
					689B1F342930C17400B56C4E = {
						CreatedOnToolsVersion = 14.0.1;
					};
				};
			};
			buildConfigurationList = 689B1F302930C17400B56C4E /* Build configuration list for PBXProject "Protocol" */;
			compatibilityVersion = "Xcode 14.0";
			developmentRegion = en;
			hasScannedForEncodings = 0;
			knownRegions = (
				en,
				Base,
			);
			mainGroup = 689B1F2C2930C17400B56C4E;
			productRefGroup = 689B1F362930C17400B56C4E /* Products */;
			projectDirPath = "";
			projectRoot = "";
			targets = (
				689B1F342930C17400B56C4E /* Protocol */,
			);
		};
/* End PBXProject section */

/* Begin PBXSourcesBuildPhase section */
		689B1F312930C17400B56C4E /* Sources */ = {
			isa = PBXSourcesBuildPhase;
			buildActionMask = 2147483647;
			files = (
				680B0DEA2973FE61007207E0 /* EraseWrapperPatten03.swift in Sources */,
				680B0DE82973FB59007207E0 /* EraseWrapperPatten02.swift in Sources */,
				680B0DE62973F92A007207E0 /* EraseWrapperPatten01.swift in Sources */,
				689B1F402930C55100B56C4E /* Basic.swift in Sources */,
				6870D26F29753109008A2435 /* EraseWrapperPatten04.swift in Sources */,
				6870D27129753551008A2435 /* EraseWrapperPatten05.swift in Sources */,
				689B1F392930C17400B56C4E /* main.swift in Sources */,
			);
			runOnlyForDeploymentPostprocessing = 0;
		};
/* End PBXSourcesBuildPhase section */

/* Begin XCBuildConfiguration section */
		689B1F3A2930C17400B56C4E /* Debug */ = {
			isa = XCBuildConfiguration;
			buildSettings = {
				ALWAYS_SEARCH_USER_PATHS = NO;
				CLANG_ANALYZER_NONNULL = YES;
				CLANG_ANALYZER_NUMBER_OBJECT_CONVERSION = YES_AGGRESSIVE;
				CLANG_CXX_LANGUAGE_STANDARD = "gnu++20";
				CLANG_ENABLE_MODULES = YES;
				CLANG_ENABLE_OBJC_ARC = YES;
				CLANG_ENABLE_OBJC_WEAK = YES;
				CLANG_WARN_BLOCK_CAPTURE_AUTORELEASING = YES;
				CLANG_WARN_BOOL_CONVERSION = YES;
				CLANG_WARN_COMMA = YES;
				CLANG_WARN_CONSTANT_CONVERSION = YES;
				CLANG_WARN_DEPRECATED_OBJC_IMPLEMENTATIONS = YES;
				CLANG_WARN_DIRECT_OBJC_ISA_USAGE = YES_ERROR;
				CLANG_WARN_DOCUMENTATION_COMMENTS = YES;
				CLANG_WARN_EMPTY_BODY = YES;
				CLANG_WARN_ENUM_CONVERSION = YES;
				CLANG_WARN_INFINITE_RECURSION = YES;
				CLANG_WARN_INT_CONVERSION = YES;
				CLANG_WARN_NON_LITERAL_NULL_CONVERSION = YES;
				CLANG_WARN_OBJC_IMPLICIT_RETAIN_SELF = YES;
				CLANG_WARN_OBJC_LITERAL_CONVERSION = YES;
				CLANG_WARN_OBJC_ROOT_CLASS = YES_ERROR;
				CLANG_WARN_QUOTED_INCLUDE_IN_FRAMEWORK_HEADER = YES;
				CLANG_WARN_RANGE_LOOP_ANALYSIS = YES;
				CLANG_WARN_STRICT_PROTOTYPES = YES;
				CLANG_WARN_SUSPICIOUS_MOVE = YES;
				CLANG_WARN_UNGUARDED_AVAILABILITY = YES_AGGRESSIVE;
				CLANG_WARN_UNREACHABLE_CODE = YES;
				CLANG_WARN__DUPLICATE_METHOD_MATCH = YES;
				COPY_PHASE_STRIP = NO;
				DEBUG_INFORMATION_FORMAT = dwarf;
				ENABLE_STRICT_OBJC_MSGSEND = YES;
				ENABLE_TESTABILITY = YES;
				GCC_C_LANGUAGE_STANDARD = gnu11;
				GCC_DYNAMIC_NO_PIC = NO;
				GCC_NO_COMMON_BLOCKS = YES;
				GCC_OPTIMIZATION_LEVEL = 0;
				GCC_PREPROCESSOR_DEFINITIONS = (
					"DEBUG=1",
					"$(inherited)",
				);
				GCC_WARN_64_TO_32_BIT_CONVERSION = YES;
				GCC_WARN_ABOUT_RETURN_TYPE = YES_ERROR;
				GCC_WARN_UNDECLARED_SELECTOR = YES;
				GCC_WARN_UNINITIALIZED_AUTOS = YES_AGGRESSIVE;
				GCC_WARN_UNUSED_FUNCTION = YES;
				GCC_WARN_UNUSED_VARIABLE = YES;
				MACOSX_DEPLOYMENT_TARGET = 12.3;
				MTL_ENABLE_DEBUG_INFO = INCLUDE_SOURCE;
				MTL_FAST_MATH = YES;
				ONLY_ACTIVE_ARCH = YES;
				SDKROOT = macosx;
				SWIFT_ACTIVE_COMPILATION_CONDITIONS = DEBUG;
				SWIFT_OPTIMIZATION_LEVEL = "-Onone";
			};
			name = Debug;
		};
		689B1F3B2930C17400B56C4E /* Release */ = {
			isa = XCBuildConfiguration;
			buildSettings = {
				ALWAYS_SEARCH_USER_PATHS = NO;
				CLANG_ANALYZER_NONNULL = YES;
				CLANG_ANALYZER_NUMBER_OBJECT_CONVERSION = YES_AGGRESSIVE;
				CLANG_CXX_LANGUAGE_STANDARD = "gnu++20";
				CLANG_ENABLE_MODULES = YES;
				CLANG_ENABLE_OBJC_ARC = YES;
				CLANG_ENABLE_OBJC_WEAK = YES;
				CLANG_WARN_BLOCK_CAPTURE_AUTORELEASING = YES;
				CLANG_WARN_BOOL_CONVERSION = YES;
				CLANG_WARN_COMMA = YES;
				CLANG_WARN_CONSTANT_CONVERSION = YES;
				CLANG_WARN_DEPRECATED_OBJC_IMPLEMENTATIONS = YES;
				CLANG_WARN_DIRECT_OBJC_ISA_USAGE = YES_ERROR;
				CLANG_WARN_DOCUMENTATION_COMMENTS = YES;
				CLANG_WARN_EMPTY_BODY = YES;
				CLANG_WARN_ENUM_CONVERSION = YES;
				CLANG_WARN_INFINITE_RECURSION = YES;
				CLANG_WARN_INT_CONVERSION = YES;
				CLANG_WARN_NON_LITERAL_NULL_CONVERSION = YES;
				CLANG_WARN_OBJC_IMPLICIT_RETAIN_SELF = YES;
				CLANG_WARN_OBJC_LITERAL_CONVERSION = YES;
				CLANG_WARN_OBJC_ROOT_CLASS = YES_ERROR;
				CLANG_WARN_QUOTED_INCLUDE_IN_FRAMEWORK_HEADER = YES;
				CLANG_WARN_RANGE_LOOP_ANALYSIS = YES;
				CLANG_WARN_STRICT_PROTOTYPES = YES;
				CLANG_WARN_SUSPICIOUS_MOVE = YES;
				CLANG_WARN_UNGUARDED_AVAILABILITY = YES_AGGRESSIVE;
				CLANG_WARN_UNREACHABLE_CODE = YES;
				CLANG_WARN__DUPLICATE_METHOD_MATCH = YES;
				COPY_PHASE_STRIP = NO;
				DEBUG_INFORMATION_FORMAT = "dwarf-with-dsym";
				ENABLE_NS_ASSERTIONS = NO;
				ENABLE_STRICT_OBJC_MSGSEND = YES;
				GCC_C_LANGUAGE_STANDARD = gnu11;
				GCC_NO_COMMON_BLOCKS = YES;
				GCC_WARN_64_TO_32_BIT_CONVERSION = YES;
				GCC_WARN_ABOUT_RETURN_TYPE = YES_ERROR;
				GCC_WARN_UNDECLARED_SELECTOR = YES;
				GCC_WARN_UNINITIALIZED_AUTOS = YES_AGGRESSIVE;
				GCC_WARN_UNUSED_FUNCTION = YES;
				GCC_WARN_UNUSED_VARIABLE = YES;
				MACOSX_DEPLOYMENT_TARGET = 12.3;
				MTL_ENABLE_DEBUG_INFO = NO;
				MTL_FAST_MATH = YES;
				SDKROOT = macosx;
				SWIFT_COMPILATION_MODE = wholemodule;
				SWIFT_OPTIMIZATION_LEVEL = "-O";
			};
			name = Release;
		};
		689B1F3D2930C17400B56C4E /* Debug */ = {
			isa = XCBuildConfiguration;
			buildSettings = {
				CODE_SIGN_STYLE = Automatic;
				DEVELOPMENT_TEAM = X2WF6FR3RY;
				ENABLE_HARDENED_RUNTIME = YES;
				PRODUCT_NAME = "$(TARGET_NAME)";
				SWIFT_VERSION = 5.0;
			};
			name = Debug;
		};
		689B1F3E2930C17400B56C4E /* Release */ = {
			isa = XCBuildConfiguration;
			buildSettings = {
				CODE_SIGN_STYLE = Automatic;
				DEVELOPMENT_TEAM = X2WF6FR3RY;
				ENABLE_HARDENED_RUNTIME = YES;
				PRODUCT_NAME = "$(TARGET_NAME)";
				SWIFT_VERSION = 5.0;
			};
			name = Release;
		};
/* End XCBuildConfiguration section */

/* Begin XCConfigurationList section */
		689B1F302930C17400B56C4E /* Build configuration list for PBXProject "Protocol" */ = {
			isa = XCConfigurationList;
			buildConfigurations = (
				689B1F3A2930C17400B56C4E /* Debug */,
				689B1F3B2930C17400B56C4E /* Release */,
			);
			defaultConfigurationIsVisible = 0;
			defaultConfigurationName = Release;
		};
		689B1F3C2930C17400B56C4E /* Build configuration list for PBXNativeTarget "Protocol" */ = {
			isa = XCConfigurationList;
			buildConfigurations = (
				689B1F3D2930C17400B56C4E /* Debug */,
				689B1F3E2930C17400B56C4E /* Release */,
			);
			defaultConfigurationIsVisible = 0;
			defaultConfigurationName = Release;
		};
/* End XCConfigurationList section */
	};
	rootObject = 689B1F2D2930C17400B56C4E /* Project object */;
}
