// !$*UTF8*$!
{
	archiveVersion = 1;
	classes = {
	};
	objectVersion = 56;
	objects = {

/* Begin PBXBuildFile section */
		680B0DE42973EE79007207E0 /* LeetCode01.swift in Sources */ = {isa = PBXBuildFile; fileRef = 680B0DE32973EE79007207E0 /* LeetCode01.swift */; };
		680ED3DE295C56C0000D453B /* Pratice09.swift in Sources */ = {isa = PBXBuildFile; fileRef = 680ED3DD295C56C0000D453B /* Pratice09.swift */; };
		68124F992989264700390C6E /* LeetCode05.swift in Sources */ = {isa = PBXBuildFile; fileRef = 68124F982989264700390C6E /* LeetCode05.swift */; };
		68124F9B29892DCA00390C6E /* LeetCode06.swift in Sources */ = {isa = PBXBuildFile; fileRef = 68124F9A29892DCA00390C6E /* LeetCode06.swift */; };
		681D0A992984F07000E75FA5 /* LeetCode03.swift in Sources */ = {isa = PBXBuildFile; fileRef = 681D0A982984F07000E75FA5 /* LeetCode03.swift */; };
		681D0AF22987E7F000E75FA5 /* LeetCode04.swift in Sources */ = {isa = PBXBuildFile; fileRef = 681D0AF12987E7F000E75FA5 /* LeetCode04.swift */; };
		6821CBCC295B046C0000B211 /* Pratice08.swift in Sources */ = {isa = PBXBuildFile; fileRef = 6821CBCB295B046C0000B211 /* Pratice08.swift */; };
		683371C8298BD915006CBD3D /* LeetCode07.swift in Sources */ = {isa = PBXBuildFile; fileRef = 683371C7298BD915006CBD3D /* LeetCode07.swift */; };
		683371CA298BE3E3006CBD3D /* LeetCode08.swift in Sources */ = {isa = PBXBuildFile; fileRef = 683371C9298BE3E3006CBD3D /* LeetCode08.swift */; };
		683A35A92958608B005A09DA /* Pratice05.swift in Sources */ = {isa = PBXBuildFile; fileRef = 683A35A82958608B005A09DA /* Pratice05.swift */; };
		683A35AB29586581005A09DA /* Pratice06.swift in Sources */ = {isa = PBXBuildFile; fileRef = 683A35AA29586581005A09DA /* Pratice06.swift */; };
		683DF7DB297C44B5001A2696 /* LeetCode02.swift in Sources */ = {isa = PBXBuildFile; fileRef = 683DF7DA297C44B5001A2696 /* LeetCode02.swift */; };
		68424F00295078B8008DE096 /* main.swift in Sources */ = {isa = PBXBuildFile; fileRef = 68424EFF295078B8008DE096 /* main.swift */; };
		68424F07295078C6008DE096 /* Pratice01.swift in Sources */ = {isa = PBXBuildFile; fileRef = 68424F06295078C6008DE096 /* Pratice01.swift */; };
		68443F172966D284001A8576 /* Pratice12.swift in Sources */ = {isa = PBXBuildFile; fileRef = 68443F162966D284001A8576 /* Pratice12.swift */; };
		68468B1229658BFB00E5054C /* Pratice11.swift in Sources */ = {isa = PBXBuildFile; fileRef = 68468B1129658BFB00E5054C /* Pratice11.swift */; };
		6857C0B82954722D00D4F4F2 /* Pratice03.swift in Sources */ = {isa = PBXBuildFile; fileRef = 6857C0B72954722D00D4F4F2 /* Pratice03.swift */; };
		6857C0BA2954744600D4F4F2 /* Pratice04.swift in Sources */ = {isa = PBXBuildFile; fileRef = 6857C0B92954744600D4F4F2 /* Pratice04.swift */; };
		685A1E7C29D44F52009BD80B /* LeetCode25.swift in Sources */ = {isa = PBXBuildFile; fileRef = 685A1E7B29D44F52009BD80B /* LeetCode25.swift */; };
		685A1E7E29D451A9009BD80B /* LeetCode26.swift in Sources */ = {isa = PBXBuildFile; fileRef = 685A1E7D29D451A9009BD80B /* LeetCode26.swift */; };
		685A1E8029D459C5009BD80B /* LeetCode27.swift in Sources */ = {isa = PBXBuildFile; fileRef = 685A1E7F29D459C5009BD80B /* LeetCode27.swift */; };
		685A8BE02976BAB700F02372 /* Pratice14.swift in Sources */ = {isa = PBXBuildFile; fileRef = 685A8BDF2976BAB700F02372 /* Pratice14.swift */; };
		685D6DF129BB46110052F3E5 /* LeetCode24.swift in Sources */ = {isa = PBXBuildFile; fileRef = 685D6DF029BB46110052F3E5 /* LeetCode24.swift */; };
		686416772951B00C00F51B17 /* Pratice02.swift in Sources */ = {isa = PBXBuildFile; fileRef = 686416762951B00C00F51B17 /* Pratice02.swift */; };
		6864E41B299E4EDA00BD1A3D /* LeetCode11.swift in Sources */ = {isa = PBXBuildFile; fileRef = 6864E41A299E4EDA00BD1A3D /* LeetCode11.swift */; };
		6870D27329753B8A008A2435 /* Pratice13.swift in Sources */ = {isa = PBXBuildFile; fileRef = 6870D27229753B8A008A2435 /* Pratice13.swift */; };
		68716BD52959BF9600B0B043 /* Pratice07.swift in Sources */ = {isa = PBXBuildFile; fileRef = 68716BD42959BF9600B0B043 /* Pratice07.swift */; };
		6873CFBD2A1E51BB00540417 /* LeetCode31.swift in Sources */ = {isa = PBXBuildFile; fileRef = 6873CFBC2A1E51BB00540417 /* LeetCode31.swift */; };
		687A430429A21199000443DA /* LeetCode12.swift in Sources */ = {isa = PBXBuildFile; fileRef = 687A430329A21199000443DA /* LeetCode12.swift */; };
		687A430629A215B7000443DA /* LeetCode13.swift in Sources */ = {isa = PBXBuildFile; fileRef = 687A430529A215B7000443DA /* LeetCode13.swift */; };
		6881C3CD29ACCCCA002344AD /* LeetCode19.swift in Sources */ = {isa = PBXBuildFile; fileRef = 6881C3CC29ACCCCA002344AD /* LeetCode19.swift */; };
		6881C3CF29ACCFE0002344AD /* LeetCode20.swift in Sources */ = {isa = PBXBuildFile; fileRef = 6881C3CE29ACCFE0002344AD /* LeetCode20.swift */; };
		6881C3D129ACD3F7002344AD /* LeetCode21.swift in Sources */ = {isa = PBXBuildFile; fileRef = 6881C3D029ACD3F7002344AD /* LeetCode21.swift */; };
		6881C3D329ACD55B002344AD /* ListNode.swift in Sources */ = {isa = PBXBuildFile; fileRef = 6881C3D229ACD55B002344AD /* ListNode.swift */; };
		688B0058298EA63D006F09B7 /* LeetCode09.swift in Sources */ = {isa = PBXBuildFile; fileRef = 688B0057298EA63D006F09B7 /* LeetCode09.swift */; };
		68930E96299CECFB00AD6AF8 /* LeetCode10.swift in Sources */ = {isa = PBXBuildFile; fileRef = 68930E95299CECFB00AD6AF8 /* LeetCode10.swift */; };
		6896903C2977F78B00DF5B78 /* Pratice15.swift in Sources */ = {isa = PBXBuildFile; fileRef = 6896903B2977F78B00DF5B78 /* Pratice15.swift */; };
		68999D9D296048C300E44334 /* Pratice10.swift in Sources */ = {isa = PBXBuildFile; fileRef = 68999D9C296048C300E44334 /* Pratice10.swift */; };
		689E25C729A3913B0050D43B /* LeetCode14.swift in Sources */ = {isa = PBXBuildFile; fileRef = 689E25C629A3913B0050D43B /* LeetCode14.swift */; };
		68B2C6FD29A6327F0038ECDA /* LeetCode15.swift in Sources */ = {isa = PBXBuildFile; fileRef = 68B2C6FC29A6327F0038ECDA /* LeetCode15.swift */; };
		68D8131F29FE9BC1000E3A19 /* LeetCode28.swift in Sources */ = {isa = PBXBuildFile; fileRef = 68D8131E29FE9BC1000E3A19 /* LeetCode28.swift */; };
		68D8132129FFFE20000E3A19 /* LeetCode29.swift in Sources */ = {isa = PBXBuildFile; fileRef = 68D8132029FFFE20000E3A19 /* LeetCode29.swift */; };
		68D813712A0A9785000E3A19 /* LeetCode30.swift in Sources */ = {isa = PBXBuildFile; fileRef = 68D813702A0A9785000E3A19 /* LeetCode30.swift */; };
		68DAF9FB29A8DC0A0043AD7A /* LeetCode16.swift in Sources */ = {isa = PBXBuildFile; fileRef = 68DAF9FA29A8DC090043AD7A /* LeetCode16.swift */; };
		68DAF9FD29A8DF5B0043AD7A /* LeetCode17.swift in Sources */ = {isa = PBXBuildFile; fileRef = 68DAF9FC29A8DF5B0043AD7A /* LeetCode17.swift */; };
		68DAF9FF29A8E42B0043AD7A /* LeetCode18.swift in Sources */ = {isa = PBXBuildFile; fileRef = 68DAF9FE29A8E42B0043AD7A /* LeetCode18.swift */; };
		68E2647A29B8A7C0003B5FDD /* LeetCode23.swift in Sources */ = {isa = PBXBuildFile; fileRef = 68E2647929B8A7C0003B5FDD /* LeetCode23.swift */; };
		68E73ED629B4B84200A3F24C /* LeetCode22.swift in Sources */ = {isa = PBXBuildFile; fileRef = 68E73ED529B4B84200A3F24C /* LeetCode22.swift */; };
		AA481C0A2A20AE07008FEC37 /* LeetCode32.swift in Sources */ = {isa = PBXBuildFile; fileRef = AA481C092A20AE07008FEC37 /* LeetCode32.swift */; };
/* End PBXBuildFile section */

/* Begin PBXCopyFilesBuildPhase section */
		68424EFA295078B8008DE096 /* CopyFiles */ = {
			isa = PBXCopyFilesBuildPhase;
			buildActionMask = 2147483647;
			dstPath = /usr/share/man/man1/;
			dstSubfolderSpec = 0;
			files = (
			);
			runOnlyForDeploymentPostprocessing = 1;
		};
/* End PBXCopyFilesBuildPhase section */

/* Begin PBXFileReference section */
		680B0DE32973EE79007207E0 /* LeetCode01.swift */ = {isa = PBXFileReference; lastKnownFileType = sourcecode.swift; path = LeetCode01.swift; sourceTree = "<group>"; };
		680ED3DD295C56C0000D453B /* Pratice09.swift */ = {isa = PBXFileReference; lastKnownFileType = sourcecode.swift; path = Pratice09.swift; sourceTree = "<group>"; };
		68124F982989264700390C6E /* LeetCode05.swift */ = {isa = PBXFileReference; lastKnownFileType = sourcecode.swift; path = LeetCode05.swift; sourceTree = "<group>"; };
		68124F9A29892DCA00390C6E /* LeetCode06.swift */ = {isa = PBXFileReference; lastKnownFileType = sourcecode.swift; path = LeetCode06.swift; sourceTree = "<group>"; };
		681D0A982984F07000E75FA5 /* LeetCode03.swift */ = {isa = PBXFileReference; lastKnownFileType = sourcecode.swift; path = LeetCode03.swift; sourceTree = "<group>"; };
		681D0AF12987E7F000E75FA5 /* LeetCode04.swift */ = {isa = PBXFileReference; lastKnownFileType = sourcecode.swift; path = LeetCode04.swift; sourceTree = "<group>"; };
		6821CBCB295B046C0000B211 /* Pratice08.swift */ = {isa = PBXFileReference; lastKnownFileType = sourcecode.swift; path = Pratice08.swift; sourceTree = "<group>"; };
		683371C7298BD915006CBD3D /* LeetCode07.swift */ = {isa = PBXFileReference; lastKnownFileType = sourcecode.swift; path = LeetCode07.swift; sourceTree = "<group>"; };
		683371C9298BE3E3006CBD3D /* LeetCode08.swift */ = {isa = PBXFileReference; lastKnownFileType = sourcecode.swift; path = LeetCode08.swift; sourceTree = "<group>"; };
		683A35A82958608B005A09DA /* Pratice05.swift */ = {isa = PBXFileReference; lastKnownFileType = sourcecode.swift; path = Pratice05.swift; sourceTree = "<group>"; };
		683A35AA29586581005A09DA /* Pratice06.swift */ = {isa = PBXFileReference; lastKnownFileType = sourcecode.swift; path = Pratice06.swift; sourceTree = "<group>"; };
		683DF7DA297C44B5001A2696 /* LeetCode02.swift */ = {isa = PBXFileReference; lastKnownFileType = sourcecode.swift; path = LeetCode02.swift; sourceTree = "<group>"; };
		68424EFC295078B8008DE096 /* CodingTest */ = {isa = PBXFileReference; explicitFileType = "compiled.mach-o.executable"; includeInIndex = 0; path = CodingTest; sourceTree = BUILT_PRODUCTS_DIR; };
		68424EFF295078B8008DE096 /* main.swift */ = {isa = PBXFileReference; lastKnownFileType = sourcecode.swift; path = main.swift; sourceTree = "<group>"; };
		68424F06295078C6008DE096 /* Pratice01.swift */ = {isa = PBXFileReference; lastKnownFileType = sourcecode.swift; path = Pratice01.swift; sourceTree = "<group>"; };
		68443F162966D284001A8576 /* Pratice12.swift */ = {isa = PBXFileReference; lastKnownFileType = sourcecode.swift; path = Pratice12.swift; sourceTree = "<group>"; };
		68468B1129658BFB00E5054C /* Pratice11.swift */ = {isa = PBXFileReference; lastKnownFileType = sourcecode.swift; path = Pratice11.swift; sourceTree = "<group>"; };
		6857C0B72954722D00D4F4F2 /* Pratice03.swift */ = {isa = PBXFileReference; lastKnownFileType = sourcecode.swift; path = Pratice03.swift; sourceTree = "<group>"; };
		6857C0B92954744600D4F4F2 /* Pratice04.swift */ = {isa = PBXFileReference; lastKnownFileType = sourcecode.swift; path = Pratice04.swift; sourceTree = "<group>"; };
		685A1E7B29D44F52009BD80B /* LeetCode25.swift */ = {isa = PBXFileReference; lastKnownFileType = sourcecode.swift; path = LeetCode25.swift; sourceTree = "<group>"; };
		685A1E7D29D451A9009BD80B /* LeetCode26.swift */ = {isa = PBXFileReference; lastKnownFileType = sourcecode.swift; path = LeetCode26.swift; sourceTree = "<group>"; };
		685A1E7F29D459C5009BD80B /* LeetCode27.swift */ = {isa = PBXFileReference; lastKnownFileType = sourcecode.swift; path = LeetCode27.swift; sourceTree = "<group>"; };
		685A8BDF2976BAB700F02372 /* Pratice14.swift */ = {isa = PBXFileReference; lastKnownFileType = sourcecode.swift; path = Pratice14.swift; sourceTree = "<group>"; };
		685D6DF029BB46110052F3E5 /* LeetCode24.swift */ = {isa = PBXFileReference; lastKnownFileType = sourcecode.swift; path = LeetCode24.swift; sourceTree = "<group>"; };
		686416762951B00C00F51B17 /* Pratice02.swift */ = {isa = PBXFileReference; lastKnownFileType = sourcecode.swift; path = Pratice02.swift; sourceTree = "<group>"; };
		6864E41A299E4EDA00BD1A3D /* LeetCode11.swift */ = {isa = PBXFileReference; lastKnownFileType = sourcecode.swift; path = LeetCode11.swift; sourceTree = "<group>"; };
		6870D27229753B8A008A2435 /* Pratice13.swift */ = {isa = PBXFileReference; lastKnownFileType = sourcecode.swift; path = Pratice13.swift; sourceTree = "<group>"; };
		68716BD42959BF9600B0B043 /* Pratice07.swift */ = {isa = PBXFileReference; lastKnownFileType = sourcecode.swift; path = Pratice07.swift; sourceTree = "<group>"; };
		6873CFBC2A1E51BB00540417 /* LeetCode31.swift */ = {isa = PBXFileReference; lastKnownFileType = sourcecode.swift; path = LeetCode31.swift; sourceTree = "<group>"; };
		687A430329A21199000443DA /* LeetCode12.swift */ = {isa = PBXFileReference; lastKnownFileType = sourcecode.swift; path = LeetCode12.swift; sourceTree = "<group>"; };
		687A430529A215B7000443DA /* LeetCode13.swift */ = {isa = PBXFileReference; lastKnownFileType = sourcecode.swift; path = LeetCode13.swift; sourceTree = "<group>"; };
		6881C3CC29ACCCCA002344AD /* LeetCode19.swift */ = {isa = PBXFileReference; lastKnownFileType = sourcecode.swift; path = LeetCode19.swift; sourceTree = "<group>"; };
		6881C3CE29ACCFE0002344AD /* LeetCode20.swift */ = {isa = PBXFileReference; lastKnownFileType = sourcecode.swift; path = LeetCode20.swift; sourceTree = "<group>"; };
		6881C3D029ACD3F7002344AD /* LeetCode21.swift */ = {isa = PBXFileReference; lastKnownFileType = sourcecode.swift; path = LeetCode21.swift; sourceTree = "<group>"; };
		6881C3D229ACD55B002344AD /* ListNode.swift */ = {isa = PBXFileReference; lastKnownFileType = sourcecode.swift; path = ListNode.swift; sourceTree = "<group>"; };
		688B0057298EA63D006F09B7 /* LeetCode09.swift */ = {isa = PBXFileReference; lastKnownFileType = sourcecode.swift; path = LeetCode09.swift; sourceTree = "<group>"; };
		68930E95299CECFB00AD6AF8 /* LeetCode10.swift */ = {isa = PBXFileReference; lastKnownFileType = sourcecode.swift; path = LeetCode10.swift; sourceTree = "<group>"; };
		6896903B2977F78B00DF5B78 /* Pratice15.swift */ = {isa = PBXFileReference; lastKnownFileType = sourcecode.swift; path = Pratice15.swift; sourceTree = "<group>"; };
		68999D9C296048C300E44334 /* Pratice10.swift */ = {isa = PBXFileReference; lastKnownFileType = sourcecode.swift; path = Pratice10.swift; sourceTree = "<group>"; };
		689E25C629A3913B0050D43B /* LeetCode14.swift */ = {isa = PBXFileReference; lastKnownFileType = sourcecode.swift; path = LeetCode14.swift; sourceTree = "<group>"; };
		68B2C6FC29A6327F0038ECDA /* LeetCode15.swift */ = {isa = PBXFileReference; lastKnownFileType = sourcecode.swift; path = LeetCode15.swift; sourceTree = "<group>"; };
		68D8131E29FE9BC1000E3A19 /* LeetCode28.swift */ = {isa = PBXFileReference; lastKnownFileType = sourcecode.swift; path = LeetCode28.swift; sourceTree = "<group>"; };
		68D8132029FFFE20000E3A19 /* LeetCode29.swift */ = {isa = PBXFileReference; lastKnownFileType = sourcecode.swift; path = LeetCode29.swift; sourceTree = "<group>"; };
		68D813702A0A9785000E3A19 /* LeetCode30.swift */ = {isa = PBXFileReference; lastKnownFileType = sourcecode.swift; path = LeetCode30.swift; sourceTree = "<group>"; };
		68DAF9FA29A8DC090043AD7A /* LeetCode16.swift */ = {isa = PBXFileReference; lastKnownFileType = sourcecode.swift; path = LeetCode16.swift; sourceTree = "<group>"; };
		68DAF9FC29A8DF5B0043AD7A /* LeetCode17.swift */ = {isa = PBXFileReference; lastKnownFileType = sourcecode.swift; path = LeetCode17.swift; sourceTree = "<group>"; };
		68DAF9FE29A8E42B0043AD7A /* LeetCode18.swift */ = {isa = PBXFileReference; lastKnownFileType = sourcecode.swift; path = LeetCode18.swift; sourceTree = "<group>"; };
		68E2647929B8A7C0003B5FDD /* LeetCode23.swift */ = {isa = PBXFileReference; lastKnownFileType = sourcecode.swift; path = LeetCode23.swift; sourceTree = "<group>"; };
		68E73ED529B4B84200A3F24C /* LeetCode22.swift */ = {isa = PBXFileReference; lastKnownFileType = sourcecode.swift; path = LeetCode22.swift; sourceTree = "<group>"; };
		AA481C092A20AE07008FEC37 /* LeetCode32.swift */ = {isa = PBXFileReference; lastKnownFileType = sourcecode.swift; path = LeetCode32.swift; sourceTree = "<group>"; };
/* End PBXFileReference section */

/* Begin PBXFrameworksBuildPhase section */
		68424EF9295078B8008DE096 /* Frameworks */ = {
			isa = PBXFrameworksBuildPhase;
			buildActionMask = 2147483647;
			files = (
			);
			runOnlyForDeploymentPostprocessing = 0;
		};
/* End PBXFrameworksBuildPhase section */

/* Begin PBXGroup section */
		680B0DE12973EE60007207E0 /* Programmers */ = {
			isa = PBXGroup;
			children = (
				68424F06295078C6008DE096 /* Pratice01.swift */,
				686416762951B00C00F51B17 /* Pratice02.swift */,
				6857C0B72954722D00D4F4F2 /* Pratice03.swift */,
				6857C0B92954744600D4F4F2 /* Pratice04.swift */,
				683A35A82958608B005A09DA /* Pratice05.swift */,
				683A35AA29586581005A09DA /* Pratice06.swift */,
				68716BD42959BF9600B0B043 /* Pratice07.swift */,
				6821CBCB295B046C0000B211 /* Pratice08.swift */,
				680ED3DD295C56C0000D453B /* Pratice09.swift */,
				68999D9C296048C300E44334 /* Pratice10.swift */,
				68468B1129658BFB00E5054C /* Pratice11.swift */,
				68443F162966D284001A8576 /* Pratice12.swift */,
				6870D27229753B8A008A2435 /* Pratice13.swift */,
				685A8BDF2976BAB700F02372 /* Pratice14.swift */,
				6896903B2977F78B00DF5B78 /* Pratice15.swift */,
			);
			path = Programmers;
			sourceTree = "<group>";
		};
		680B0DE22973EE68007207E0 /* LeetCode */ = {
			isa = PBXGroup;
			children = (
				680B0DE32973EE79007207E0 /* LeetCode01.swift */,
				683DF7DA297C44B5001A2696 /* LeetCode02.swift */,
				681D0A982984F07000E75FA5 /* LeetCode03.swift */,
				681D0AF12987E7F000E75FA5 /* LeetCode04.swift */,
				68124F982989264700390C6E /* LeetCode05.swift */,
				683371C7298BD915006CBD3D /* LeetCode07.swift */,
				68124F9A29892DCA00390C6E /* LeetCode06.swift */,
				683371C9298BE3E3006CBD3D /* LeetCode08.swift */,
				688B0057298EA63D006F09B7 /* LeetCode09.swift */,
				68930E95299CECFB00AD6AF8 /* LeetCode10.swift */,
				6864E41A299E4EDA00BD1A3D /* LeetCode11.swift */,
				687A430329A21199000443DA /* LeetCode12.swift */,
				687A430529A215B7000443DA /* LeetCode13.swift */,
				689E25C629A3913B0050D43B /* LeetCode14.swift */,
				68B2C6FC29A6327F0038ECDA /* LeetCode15.swift */,
				68DAF9FA29A8DC090043AD7A /* LeetCode16.swift */,
				68DAF9FC29A8DF5B0043AD7A /* LeetCode17.swift */,
				68DAF9FE29A8E42B0043AD7A /* LeetCode18.swift */,
				6881C3CC29ACCCCA002344AD /* LeetCode19.swift */,
				6881C3CE29ACCFE0002344AD /* LeetCode20.swift */,
				6881C3D029ACD3F7002344AD /* LeetCode21.swift */,
				68E73ED529B4B84200A3F24C /* LeetCode22.swift */,
				68E2647929B8A7C0003B5FDD /* LeetCode23.swift */,
				685D6DF029BB46110052F3E5 /* LeetCode24.swift */,
				685A1E7B29D44F52009BD80B /* LeetCode25.swift */,
				685A1E7D29D451A9009BD80B /* LeetCode26.swift */,
				685A1E7F29D459C5009BD80B /* LeetCode27.swift */,
				68D8131E29FE9BC1000E3A19 /* LeetCode28.swift */,
				68D8132029FFFE20000E3A19 /* LeetCode29.swift */,
				68D813702A0A9785000E3A19 /* LeetCode30.swift */,
				6873CFBC2A1E51BB00540417 /* LeetCode31.swift */,
				AA481C092A20AE07008FEC37 /* LeetCode32.swift */,
				6881C3D229ACD55B002344AD /* ListNode.swift */,
			);
			path = LeetCode;
			sourceTree = "<group>";
		};
		68424EF3295078B8008DE096 = {
			isa = PBXGroup;
			children = (
				68424EFE295078B8008DE096 /* CodingTest */,
				68424EFD295078B8008DE096 /* Products */,
			);
			sourceTree = "<group>";
		};
		68424EFD295078B8008DE096 /* Products */ = {
			isa = PBXGroup;
			children = (
				68424EFC295078B8008DE096 /* CodingTest */,
			);
			name = Products;
			sourceTree = "<group>";
		};
		68424EFE295078B8008DE096 /* CodingTest */ = {
			isa = PBXGroup;
			children = (
				680B0DE22973EE68007207E0 /* LeetCode */,
				680B0DE12973EE60007207E0 /* Programmers */,
				68424EFF295078B8008DE096 /* main.swift */,
			);
			path = CodingTest;
			sourceTree = "<group>";
		};
/* End PBXGroup section */

/* Begin PBXNativeTarget section */
		68424EFB295078B8008DE096 /* CodingTest */ = {
			isa = PBXNativeTarget;
			buildConfigurationList = 68424F03295078B8008DE096 /* Build configuration list for PBXNativeTarget "CodingTest" */;
			buildPhases = (
				68424EF8295078B8008DE096 /* Sources */,
				68424EF9295078B8008DE096 /* Frameworks */,
				68424EFA295078B8008DE096 /* CopyFiles */,
			);
			buildRules = (
			);
			dependencies = (
			);
			name = CodingTest;
			productName = CodingTest;
			productReference = 68424EFC295078B8008DE096 /* CodingTest */;
			productType = "com.apple.product-type.tool";
		};
/* End PBXNativeTarget section */

/* Begin PBXProject section */
		68424EF4295078B8008DE096 /* Project object */ = {
			isa = PBXProject;
			attributes = {
				BuildIndependentTargetsInParallel = 1;
				LastSwiftUpdateCheck = 1400;
				LastUpgradeCheck = 1400;
				TargetAttributes = {
					68424EFB295078B8008DE096 = {
						CreatedOnToolsVersion = 14.0.1;
					};
				};
			};
			buildConfigurationList = 68424EF7295078B8008DE096 /* Build configuration list for PBXProject "CodingTest" */;
			compatibilityVersion = "Xcode 14.0";
			developmentRegion = en;
			hasScannedForEncodings = 0;
			knownRegions = (
				en,
				Base,
			);
			mainGroup = 68424EF3295078B8008DE096;
			productRefGroup = 68424EFD295078B8008DE096 /* Products */;
			projectDirPath = "";
			projectRoot = "";
			targets = (
				68424EFB295078B8008DE096 /* CodingTest */,
			);
		};
/* End PBXProject section */

/* Begin PBXSourcesBuildPhase section */
		68424EF8295078B8008DE096 /* Sources */ = {
			isa = PBXSourcesBuildPhase;
			buildActionMask = 2147483647;
			files = (
				685A1E8029D459C5009BD80B /* LeetCode27.swift in Sources */,
				683371CA298BE3E3006CBD3D /* LeetCode08.swift in Sources */,
				68124F9B29892DCA00390C6E /* LeetCode06.swift in Sources */,
				6870D27329753B8A008A2435 /* Pratice13.swift in Sources */,
				687A430429A21199000443DA /* LeetCode12.swift in Sources */,
				68424F00295078B8008DE096 /* main.swift in Sources */,
				68DAF9FD29A8DF5B0043AD7A /* LeetCode17.swift in Sources */,
				689E25C729A3913B0050D43B /* LeetCode14.swift in Sources */,
				680B0DE42973EE79007207E0 /* LeetCode01.swift in Sources */,
				6864E41B299E4EDA00BD1A3D /* LeetCode11.swift in Sources */,
				6881C3D329ACD55B002344AD /* ListNode.swift in Sources */,
				68124F992989264700390C6E /* LeetCode05.swift in Sources */,
				6881C3CD29ACCCCA002344AD /* LeetCode19.swift in Sources */,
				681D0A992984F07000E75FA5 /* LeetCode03.swift in Sources */,
				685A1E7C29D44F52009BD80B /* LeetCode25.swift in Sources */,
				681D0AF22987E7F000E75FA5 /* LeetCode04.swift in Sources */,
				68443F172966D284001A8576 /* Pratice12.swift in Sources */,
				68D8132129FFFE20000E3A19 /* LeetCode29.swift in Sources */,
				6881C3D129ACD3F7002344AD /* LeetCode21.swift in Sources */,
				68930E96299CECFB00AD6AF8 /* LeetCode10.swift in Sources */,
				AA481C0A2A20AE07008FEC37 /* LeetCode32.swift in Sources */,
				68716BD52959BF9600B0B043 /* Pratice07.swift in Sources */,
				683A35A92958608B005A09DA /* Pratice05.swift in Sources */,
				683DF7DB297C44B5001A2696 /* LeetCode02.swift in Sources */,
				6857C0B82954722D00D4F4F2 /* Pratice03.swift in Sources */,
				685A1E7E29D451A9009BD80B /* LeetCode26.swift in Sources */,
				68E2647A29B8A7C0003B5FDD /* LeetCode23.swift in Sources */,
				685A8BE02976BAB700F02372 /* Pratice14.swift in Sources */,
				688B0058298EA63D006F09B7 /* LeetCode09.swift in Sources */,
				68D813712A0A9785000E3A19 /* LeetCode30.swift in Sources */,
				68468B1229658BFB00E5054C /* Pratice11.swift in Sources */,
				6881C3CF29ACCFE0002344AD /* LeetCode20.swift in Sources */,
				6857C0BA2954744600D4F4F2 /* Pratice04.swift in Sources */,
				680ED3DE295C56C0000D453B /* Pratice09.swift in Sources */,
				68D8131F29FE9BC1000E3A19 /* LeetCode28.swift in Sources */,
				68424F07295078C6008DE096 /* Pratice01.swift in Sources */,
				68DAF9FB29A8DC0A0043AD7A /* LeetCode16.swift in Sources */,
				6873CFBD2A1E51BB00540417 /* LeetCode31.swift in Sources */,
				683A35AB29586581005A09DA /* Pratice06.swift in Sources */,
				685D6DF129BB46110052F3E5 /* LeetCode24.swift in Sources */,
				687A430629A215B7000443DA /* LeetCode13.swift in Sources */,
				68E73ED629B4B84200A3F24C /* LeetCode22.swift in Sources */,
				6896903C2977F78B00DF5B78 /* Pratice15.swift in Sources */,
				686416772951B00C00F51B17 /* Pratice02.swift in Sources */,
				68999D9D296048C300E44334 /* Pratice10.swift in Sources */,
				683371C8298BD915006CBD3D /* LeetCode07.swift in Sources */,
				68B2C6FD29A6327F0038ECDA /* LeetCode15.swift in Sources */,
				6821CBCC295B046C0000B211 /* Pratice08.swift in Sources */,
				68DAF9FF29A8E42B0043AD7A /* LeetCode18.swift in Sources */,
			);
			runOnlyForDeploymentPostprocessing = 0;
		};
/* End PBXSourcesBuildPhase section */

/* Begin XCBuildConfiguration section */
		68424F01295078B8008DE096 /* Debug */ = {
			isa = XCBuildConfiguration;
			buildSettings = {
				ALWAYS_SEARCH_USER_PATHS = NO;
				CLANG_ANALYZER_NONNULL = YES;
				CLANG_ANALYZER_NUMBER_OBJECT_CONVERSION = YES_AGGRESSIVE;
				CLANG_CXX_LANGUAGE_STANDARD = "gnu++20";
				CLANG_ENABLE_MODULES = YES;
				CLANG_ENABLE_OBJC_ARC = YES;
				CLANG_ENABLE_OBJC_WEAK = YES;
				CLANG_WARN_BLOCK_CAPTURE_AUTORELEASING = YES;
				CLANG_WARN_BOOL_CONVERSION = YES;
				CLANG_WARN_COMMA = YES;
				CLANG_WARN_CONSTANT_CONVERSION = YES;
				CLANG_WARN_DEPRECATED_OBJC_IMPLEMENTATIONS = YES;
				CLANG_WARN_DIRECT_OBJC_ISA_USAGE = YES_ERROR;
				CLANG_WARN_DOCUMENTATION_COMMENTS = YES;
				CLANG_WARN_EMPTY_BODY = YES;
				CLANG_WARN_ENUM_CONVERSION = YES;
				CLANG_WARN_INFINITE_RECURSION = YES;
				CLANG_WARN_INT_CONVERSION = YES;
				CLANG_WARN_NON_LITERAL_NULL_CONVERSION = YES;
				CLANG_WARN_OBJC_IMPLICIT_RETAIN_SELF = YES;
				CLANG_WARN_OBJC_LITERAL_CONVERSION = YES;
				CLANG_WARN_OBJC_ROOT_CLASS = YES_ERROR;
				CLANG_WARN_QUOTED_INCLUDE_IN_FRAMEWORK_HEADER = YES;
				CLANG_WARN_RANGE_LOOP_ANALYSIS = YES;
				CLANG_WARN_STRICT_PROTOTYPES = YES;
				CLANG_WARN_SUSPICIOUS_MOVE = YES;
				CLANG_WARN_UNGUARDED_AVAILABILITY = YES_AGGRESSIVE;
				CLANG_WARN_UNREACHABLE_CODE = YES;
				CLANG_WARN__DUPLICATE_METHOD_MATCH = YES;
				COPY_PHASE_STRIP = NO;
				DEBUG_INFORMATION_FORMAT = dwarf;
				ENABLE_STRICT_OBJC_MSGSEND = YES;
				ENABLE_TESTABILITY = YES;
				GCC_C_LANGUAGE_STANDARD = gnu11;
				GCC_DYNAMIC_NO_PIC = NO;
				GCC_NO_COMMON_BLOCKS = YES;
				GCC_OPTIMIZATION_LEVEL = 0;
				GCC_PREPROCESSOR_DEFINITIONS = (
					"DEBUG=1",
					"$(inherited)",
				);
				GCC_WARN_64_TO_32_BIT_CONVERSION = YES;
				GCC_WARN_ABOUT_RETURN_TYPE = YES_ERROR;
				GCC_WARN_UNDECLARED_SELECTOR = YES;
				GCC_WARN_UNINITIALIZED_AUTOS = YES_AGGRESSIVE;
				GCC_WARN_UNUSED_FUNCTION = YES;
				GCC_WARN_UNUSED_VARIABLE = YES;
				MACOSX_DEPLOYMENT_TARGET = 12.3;
				MTL_ENABLE_DEBUG_INFO = INCLUDE_SOURCE;
				MTL_FAST_MATH = YES;
				ONLY_ACTIVE_ARCH = YES;
				SDKROOT = macosx;
				SWIFT_ACTIVE_COMPILATION_CONDITIONS = DEBUG;
				SWIFT_OPTIMIZATION_LEVEL = "-Onone";
			};
			name = Debug;
		};
		68424F02295078B8008DE096 /* Release */ = {
			isa = XCBuildConfiguration;
			buildSettings = {
				ALWAYS_SEARCH_USER_PATHS = NO;
				CLANG_ANALYZER_NONNULL = YES;
				CLANG_ANALYZER_NUMBER_OBJECT_CONVERSION = YES_AGGRESSIVE;
				CLANG_CXX_LANGUAGE_STANDARD = "gnu++20";
				CLANG_ENABLE_MODULES = YES;
				CLANG_ENABLE_OBJC_ARC = YES;
				CLANG_ENABLE_OBJC_WEAK = YES;
				CLANG_WARN_BLOCK_CAPTURE_AUTORELEASING = YES;
				CLANG_WARN_BOOL_CONVERSION = YES;
				CLANG_WARN_COMMA = YES;
				CLANG_WARN_CONSTANT_CONVERSION = YES;
				CLANG_WARN_DEPRECATED_OBJC_IMPLEMENTATIONS = YES;
				CLANG_WARN_DIRECT_OBJC_ISA_USAGE = YES_ERROR;
				CLANG_WARN_DOCUMENTATION_COMMENTS = YES;
				CLANG_WARN_EMPTY_BODY = YES;
				CLANG_WARN_ENUM_CONVERSION = YES;
				CLANG_WARN_INFINITE_RECURSION = YES;
				CLANG_WARN_INT_CONVERSION = YES;
				CLANG_WARN_NON_LITERAL_NULL_CONVERSION = YES;
				CLANG_WARN_OBJC_IMPLICIT_RETAIN_SELF = YES;
				CLANG_WARN_OBJC_LITERAL_CONVERSION = YES;
				CLANG_WARN_OBJC_ROOT_CLASS = YES_ERROR;
				CLANG_WARN_QUOTED_INCLUDE_IN_FRAMEWORK_HEADER = YES;
				CLANG_WARN_RANGE_LOOP_ANALYSIS = YES;
				CLANG_WARN_STRICT_PROTOTYPES = YES;
				CLANG_WARN_SUSPICIOUS_MOVE = YES;
				CLANG_WARN_UNGUARDED_AVAILABILITY = YES_AGGRESSIVE;
				CLANG_WARN_UNREACHABLE_CODE = YES;
				CLANG_WARN__DUPLICATE_METHOD_MATCH = YES;
				COPY_PHASE_STRIP = NO;
				DEBUG_INFORMATION_FORMAT = "dwarf-with-dsym";
				ENABLE_NS_ASSERTIONS = NO;
				ENABLE_STRICT_OBJC_MSGSEND = YES;
				GCC_C_LANGUAGE_STANDARD = gnu11;
				GCC_NO_COMMON_BLOCKS = YES;
				GCC_WARN_64_TO_32_BIT_CONVERSION = YES;
				GCC_WARN_ABOUT_RETURN_TYPE = YES_ERROR;
				GCC_WARN_UNDECLARED_SELECTOR = YES;
				GCC_WARN_UNINITIALIZED_AUTOS = YES_AGGRESSIVE;
				GCC_WARN_UNUSED_FUNCTION = YES;
				GCC_WARN_UNUSED_VARIABLE = YES;
				MACOSX_DEPLOYMENT_TARGET = 12.3;
				MTL_ENABLE_DEBUG_INFO = NO;
				MTL_FAST_MATH = YES;
				SDKROOT = macosx;
				SWIFT_COMPILATION_MODE = wholemodule;
				SWIFT_OPTIMIZATION_LEVEL = "-O";
			};
			name = Release;
		};
		68424F04295078B8008DE096 /* Debug */ = {
			isa = XCBuildConfiguration;
			buildSettings = {
				CODE_SIGN_STYLE = Manual;
				DEVELOPMENT_TEAM = "";
				ENABLE_HARDENED_RUNTIME = YES;
				PRODUCT_NAME = "$(TARGET_NAME)";
				PROVISIONING_PROFILE_SPECIFIER = "";
				SWIFT_VERSION = 5.0;
			};
			name = Debug;
		};
		68424F05295078B8008DE096 /* Release */ = {
			isa = XCBuildConfiguration;
			buildSettings = {
				CODE_SIGN_STYLE = Automatic;
				DEVELOPMENT_TEAM = X2WF6FR3RY;
				ENABLE_HARDENED_RUNTIME = YES;
				PRODUCT_NAME = "$(TARGET_NAME)";
				SWIFT_VERSION = 5.0;
			};
			name = Release;
		};
/* End XCBuildConfiguration section */

/* Begin XCConfigurationList section */
		68424EF7295078B8008DE096 /* Build configuration list for PBXProject "CodingTest" */ = {
			isa = XCConfigurationList;
			buildConfigurations = (
				68424F01295078B8008DE096 /* Debug */,
				68424F02295078B8008DE096 /* Release */,
			);
			defaultConfigurationIsVisible = 0;
			defaultConfigurationName = Release;
		};
		68424F03295078B8008DE096 /* Build configuration list for PBXNativeTarget "CodingTest" */ = {
			isa = XCConfigurationList;
			buildConfigurations = (
				68424F04295078B8008DE096 /* Debug */,
				68424F05295078B8008DE096 /* Release */,
			);
			defaultConfigurationIsVisible = 0;
			defaultConfigurationName = Release;
		};
/* End XCConfigurationList section */
	};
	rootObject = 68424EF4295078B8008DE096 /* Project object */;
}
